{
    "_readme": [
        "This file locks the dependencies of your project to a known state",
        "Read more about it at https://getcomposer.org/doc/01-basic-usage.md#installing-dependencies",
        "This file is @generated automatically"
    ],
    "content-hash": "20c9291d1aa20148dd53cbf459fd928c",
    "packages": [
        {
            "name": "maximebf/debugbar",
            "version": "v1.16.1",
            "source": {
                "type": "git",
                "url": "https://github.com/maximebf/php-debugbar.git",
                "reference": "58998b818c6567fac01e35b8a4b70c1a64530556"
            },
            "dist": {
                "type": "zip",
                "url": "https://api.github.com/repos/maximebf/php-debugbar/zipball/58998b818c6567fac01e35b8a4b70c1a64530556",
                "reference": "58998b818c6567fac01e35b8a4b70c1a64530556",
                "shasum": ""
            },
            "require": {
                "php": "^7.1",
                "psr/log": "^1.0",
                "symfony/var-dumper": "^2.6|^3|^4|^5"
            },
            "require-dev": {
                "phpunit/phpunit": "^5"
            },
            "suggest": {
                "kriswallsmith/assetic": "The best way to manage assets",
                "monolog/monolog": "Log using Monolog",
                "predis/predis": "Redis storage"
            },
            "type": "library",
            "extra": {
                "branch-alias": {
                    "dev-master": "1.16-dev"
                }
            },
            "autoload": {
                "psr-4": {
                    "DebugBar\\": "src/DebugBar/"
                }
            },
            "notification-url": "https://packagist.org/downloads/",
            "license": [
                "MIT"
            ],
            "authors": [
                {
                    "name": "Maxime Bouroumeau-Fuseau",
                    "email": "maxime.bouroumeau@gmail.com",
                    "homepage": "http://maximebf.com"
                },
                {
                    "name": "Barry vd. Heuvel",
                    "email": "barryvdh@gmail.com"
                }
            ],
            "description": "Debug bar in the browser for php application",
            "homepage": "https://github.com/maximebf/php-debugbar",
            "keywords": [
                "debug",
                "debugbar"
            ],
            "time": "2019-11-24T09:46:11+00:00"
        },
        {
            "name": "noahbuscher/macaw",
            "version": "dev-master",
            "source": {
                "type": "git",
                "url": "https://github.com/noahbuscher/macaw.git",
                "reference": "ade32370a3d09f1fa498de254411d1b6b7be1877"
            },
            "dist": {
                "type": "zip",
                "url": "https://api.github.com/repos/noahbuscher/macaw/zipball/ade32370a3d09f1fa498de254411d1b6b7be1877",
                "reference": "ade32370a3d09f1fa498de254411d1b6b7be1877",
                "shasum": ""
            },
            "require": {
                "php": ">=5.3.3"
            },
            "require-dev": {
                "guzzle/guzzle": "~3.9",
                "phpunit/phpunit": "^4.8-stable"
            },
            "type": "library",
            "autoload": {
                "psr-4": {
                    "NoahBuscher\\Macaw\\": "./"
                }
            },
            "notification-url": "https://packagist.org/downloads/",
            "license": [
                "MIT"
            ],
            "authors": [
                {
                    "name": "Noah Buscher",
                    "email": "me@noahbuscher.com",
                    "homepage": "http://noahbuscher.com/"
                }
            ],
            "description": "Simple PHP router class.",
            "homepage": "https://github.com/noahbuscher/Macaw",
            "keywords": [
                "php",
                "php-router",
                "router"
            ],
            "time": "2019-01-14T14:49:59+00:00"
        },
        {
            "name": "psr/log",
            "version": "1.1.2",
            "source": {
                "type": "git",
                "url": "https://github.com/php-fig/log.git",
                "reference": "446d54b4cb6bf489fc9d75f55843658e6f25d801"
            },
            "dist": {
                "type": "zip",
                "url": "https://api.github.com/repos/php-fig/log/zipball/446d54b4cb6bf489fc9d75f55843658e6f25d801",
                "reference": "446d54b4cb6bf489fc9d75f55843658e6f25d801",
                "shasum": ""
            },
            "require": {
                "php": ">=5.3.0"
            },
            "type": "library",
            "extra": {
                "branch-alias": {
                    "dev-master": "1.1.x-dev"
                }
            },
            "autoload": {
                "psr-4": {
                    "Psr\\Log\\": "Psr/Log/"
                }
            },
            "notification-url": "https://packagist.org/downloads/",
            "license": [
                "MIT"
            ],
            "authors": [
                {
                    "name": "PHP-FIG",
                    "homepage": "http://www.php-fig.org/"
                }
            ],
            "description": "Common interface for logging libraries",
            "homepage": "https://github.com/php-fig/log",
            "keywords": [
                "log",
                "psr",
                "psr-3"
            ],
            "time": "2019-11-01T11:05:21+00:00"
        },
        {
            "name": "symfony/polyfill-ctype",
            "version": "v1.13.1",
            "source": {
                "type": "git",
                "url": "https://github.com/symfony/polyfill-ctype.git",
                "reference": "f8f0b461be3385e56d6de3dbb5a0df24c0c275e3"
            },
            "dist": {
                "type": "zip",
                "url": "https://api.github.com/repos/symfony/polyfill-ctype/zipball/f8f0b461be3385e56d6de3dbb5a0df24c0c275e3",
                "reference": "f8f0b461be3385e56d6de3dbb5a0df24c0c275e3",
                "shasum": ""
            },
            "require": {
                "php": ">=5.3.3"
            },
            "suggest": {
                "ext-ctype": "For best performance"
            },
            "type": "library",
            "extra": {
                "branch-alias": {
                    "dev-master": "1.13-dev"
                }
            },
            "autoload": {
                "psr-4": {
                    "Symfony\\Polyfill\\Ctype\\": ""
                },
                "files": [
                    "bootstrap.php"
                ]
            },
            "notification-url": "https://packagist.org/downloads/",
            "license": [
                "MIT"
            ],
            "authors": [
                {
                    "name": "Gert de Pagter",
                    "email": "BackEndTea@gmail.com"
                },
                {
                    "name": "Symfony Community",
                    "homepage": "https://symfony.com/contributors"
                }
            ],
            "description": "Symfony polyfill for ctype functions",
            "homepage": "https://symfony.com",
            "keywords": [
                "compatibility",
                "ctype",
                "polyfill",
                "portable"
            ],
            "time": "2019-11-27T13:56:44+00:00"
        },
        {
            "name": "symfony/polyfill-mbstring",
            "version": "v1.13.1",
            "source": {
                "type": "git",
                "url": "https://github.com/symfony/polyfill-mbstring.git",
                "reference": "7b4aab9743c30be783b73de055d24a39cf4b954f"
            },
            "dist": {
                "type": "zip",
                "url": "https://api.github.com/repos/symfony/polyfill-mbstring/zipball/7b4aab9743c30be783b73de055d24a39cf4b954f",
                "reference": "7b4aab9743c30be783b73de055d24a39cf4b954f",
                "shasum": ""
            },
            "require": {
                "php": ">=5.3.3"
            },
            "suggest": {
                "ext-mbstring": "For best performance"
            },
            "type": "library",
            "extra": {
                "branch-alias": {
                    "dev-master": "1.13-dev"
                }
            },
            "autoload": {
                "psr-4": {
                    "Symfony\\Polyfill\\Mbstring\\": ""
                },
                "files": [
                    "bootstrap.php"
                ]
            },
            "notification-url": "https://packagist.org/downloads/",
            "license": [
                "MIT"
            ],
            "authors": [
                {
                    "name": "Nicolas Grekas",
                    "email": "p@tchwork.com"
                },
                {
                    "name": "Symfony Community",
                    "homepage": "https://symfony.com/contributors"
                }
            ],
            "description": "Symfony polyfill for the Mbstring extension",
            "homepage": "https://symfony.com",
            "keywords": [
                "compatibility",
                "mbstring",
                "polyfill",
                "portable",
                "shim"
            ],
            "time": "2019-11-27T14:18:11+00:00"
        },
        {
            "name": "symfony/var-dumper",
            "version": "v5.0.4",
            "source": {
                "type": "git",
                "url": "https://github.com/symfony/var-dumper.git",
                "reference": "923591cfb78a935f0c98968fedfad05bfda9d01f"
            },
            "dist": {
                "type": "zip",
                "url": "https://api.github.com/repos/symfony/var-dumper/zipball/923591cfb78a935f0c98968fedfad05bfda9d01f",
                "reference": "923591cfb78a935f0c98968fedfad05bfda9d01f",
                "shasum": ""
            },
            "require": {
                "php": "^7.2.5",
                "symfony/polyfill-mbstring": "~1.0"
            },
            "conflict": {
                "phpunit/phpunit": "<5.4.3",
                "symfony/console": "<4.4"
            },
            "require-dev": {
                "ext-iconv": "*",
                "symfony/console": "^4.4|^5.0",
                "symfony/process": "^4.4|^5.0",
                "twig/twig": "^2.4|^3.0"
            },
            "suggest": {
                "ext-iconv": "To convert non-UTF-8 strings to UTF-8 (or symfony/polyfill-iconv in case ext-iconv cannot be used).",
                "ext-intl": "To show region name in time zone dump",
                "symfony/console": "To use the ServerDumpCommand and/or the bin/var-dump-server script"
            },
            "bin": [
                "Resources/bin/var-dump-server"
            ],
            "type": "library",
            "extra": {
                "branch-alias": {
                    "dev-master": "5.0-dev"
                }
            },
            "autoload": {
                "files": [
                    "Resources/functions/dump.php"
                ],
                "psr-4": {
                    "Symfony\\Component\\VarDumper\\": ""
                },
                "exclude-from-classmap": [
                    "/Tests/"
                ]
            },
            "notification-url": "https://packagist.org/downloads/",
            "license": [
                "MIT"
            ],
            "authors": [
                {
                    "name": "Nicolas Grekas",
                    "email": "p@tchwork.com"
                },
                {
                    "name": "Symfony Community",
                    "homepage": "https://symfony.com/contributors"
                }
            ],
            "description": "Symfony mechanism for exploring and dumping PHP variables",
            "homepage": "https://symfony.com",
            "keywords": [
                "debug",
                "dump"
            ],
            "time": "2020-01-25T15:56:29+00:00"
        },
        {
            "name": "twig/twig",
            "version": "v3.0.1",
            "source": {
                "type": "git",
                "url": "https://github.com/twigphp/Twig.git",
                "reference": "28f856a4c57eeb24485916e8a68403f41a133616"
            },
            "dist": {
                "type": "zip",
                "url": "https://api.github.com/repos/twigphp/Twig/zipball/28f856a4c57eeb24485916e8a68403f41a133616",
                "reference": "28f856a4c57eeb24485916e8a68403f41a133616",
                "shasum": ""
            },
            "require": {
                "php": "^7.2.5",
                "symfony/polyfill-ctype": "^1.8",
                "symfony/polyfill-mbstring": "^1.3"
            },
            "require-dev": {
                "psr/container": "^1.0",
                "symfony/phpunit-bridge": "^4.4|^5.0"
            },
            "type": "library",
            "extra": {
                "branch-alias": {
                    "dev-master": "3.0-dev"
                }
            },
            "autoload": {
                "psr-4": {
                    "Twig\\": "src/"
                }
            },
            "notification-url": "https://packagist.org/downloads/",
            "license": [
                "BSD-3-Clause"
            ],
            "authors": [
                {
                    "name": "Fabien Potencier",
                    "email": "fabien@symfony.com",
                    "homepage": "http://fabien.potencier.org",
                    "role": "Lead Developer"
                },
                {
                    "name": "Twig Team",
                    "role": "Contributors"
                },
                {
                    "name": "Armin Ronacher",
                    "email": "armin.ronacher@active-4.com",
                    "role": "Project Founder"
                }
            ],
            "description": "Twig, the flexible, fast, and secure template language for PHP",
            "homepage": "https://twig.symfony.com",
            "keywords": [
                "templating"
            ],
            "time": "2019-12-28T07:17:28+00:00"
        }
    ],
    "packages-dev": [],
    "aliases": [],
    "minimum-stability": "stable",
    "stability-flags": {
        "noahbuscher/macaw": 20
    },
    "prefer-stable": false,
    "prefer-lowest": false,
    "platform": [],
    "platform-dev": []
}
